# Generated by pub
# See https://dart.dev/tools/pub/glossary#lockfile
packages:
  antlr4:
    dependency: "direct main"
    description:
      name: antlr4
      sha256: "752b4a6e4ad97953652a2b2bbf5377f46c94b579d3372b50080c7e5858234a05"
      url: "https://pub.dev"
    source: hosted
    version: "4.13.2"
  collection:
    dependency: transitive
    description:
      name: collection
      sha256: a1ace0a119f20aabc852d165077c036cd864315bd99b7eaa10a60100341941bf
      url: "https://pub.dev"
    source: hosted
    version: "1.19.0"
  fast_immutable_collections:
    dependency: "direct main"
    description:
      name: fast_immutable_collections
      sha256: c3c73f4f989d3302066e4ec94e6ec73b5dc872592d02194f49f1352d64126b8c
      url: "https://pub.dev"
    source: hosted
    version: "10.2.4"
  lints:
    dependency: "direct dev"
    description:
      name: lints
      sha256: "976c774dd944a42e83e2467f4cc670daef7eed6295b10b36ae8c85bcbf828235"
      url: "https://pub.dev"
    source: hosted
    version: "4.0.0"
  logging:
    dependency: transitive
    description:
      name: logging
      sha256: "623a88c9594aa774443aa3eb2d41807a48486b5613e67599fb4c41c0ad47c340"
      url: "https://pub.dev"
    source: hosted
    version: "1.2.0"
  meta:
    dependency: transitive
    description:
      name: meta
      sha256: e3641ec5d63ebf0d9b41bd43201a66e3fc79a65db5f61fc181f04cd27aab950c
      url: "https://pub.dev"
    source: hosted
    version: "1.16.0"
sdks:
  dart: ">=3.4.0 <4.0.0"
